
Microsoft Visual Studio Solution File, Format Version 12.00
# Visual Studio Version 16
VisualStudioVersion = 16.0.30611.23
MinimumVisualStudioVersion = 10.0.40219.1
Project("{9A19103F-16F7-4668-BE54-9A1E7A4F7556}") = "Ships.Domain", "src\Ships.Domain\Ships.Domain.csproj", "{418FF128-B6DF-4B6E-9FC0-CB4864744759}"
EndProject
Project("{9A19103F-16F7-4668-BE54-9A1E7A4F7556}") = "Ships.Story", "src\Ships.Story\Ships.Story.csproj", "{03D86D29-ABA5-4C61-9F81-8F62162C0AF1}"
EndProject
Project("{9A19103F-16F7-4668-BE54-9A1E7A4F7556}") = "Ships.Web", "src\Ships.Web\Ships.Web.csproj", "{CA1D3999-F146-4FCF-8302-63AA4D5D9D3D}"
EndProject
Project("{9A19103F-16F7-4668-BE54-9A1E7A4F7556}") = "Ships.WebApp", "src\Ships.WebApp\Ships.WebApp.csproj", "{7C51650E-B634-4A56-B005-8C1D3F842AE0}"
EndProject
Global
	GlobalSection(SolutionConfigurationPlatforms) = preSolution
		Debug|Any CPU = Debug|Any CPU
		Live|Any CPU = Live|Any CPU
		Release|Any CPU = Release|Any CPU
		Uat|Any CPU = Uat|Any CPU
	EndGlobalSection
	GlobalSection(ProjectConfigurationPlatforms) = postSolution
		{418FF128-B6DF-4B6E-9FC0-CB4864744759}.Debug|Any CPU.ActiveCfg = Debug|Any CPU
		{418FF128-B6DF-4B6E-9FC0-CB4864744759}.Debug|Any CPU.Build.0 = Debug|Any CPU
		{418FF128-B6DF-4B6E-9FC0-CB4864744759}.Live|Any CPU.ActiveCfg = Live|Any CPU
		{418FF128-B6DF-4B6E-9FC0-CB4864744759}.Live|Any CPU.Build.0 = Live|Any CPU
		{418FF128-B6DF-4B6E-9FC0-CB4864744759}.Release|Any CPU.ActiveCfg = Release|Any CPU
		{418FF128-B6DF-4B6E-9FC0-CB4864744759}.Release|Any CPU.Build.0 = Release|Any CPU
		{418FF128-B6DF-4B6E-9FC0-CB4864744759}.Uat|Any CPU.ActiveCfg = Uat|Any CPU
		{418FF128-B6DF-4B6E-9FC0-CB4864744759}.Uat|Any CPU.Build.0 = Uat|Any CPU
		{03D86D29-ABA5-4C61-9F81-8F62162C0AF1}.Debug|Any CPU.ActiveCfg = Debug|Any CPU
		{03D86D29-ABA5-4C61-9F81-8F62162C0AF1}.Debug|Any CPU.Build.0 = Debug|Any CPU
		{03D86D29-ABA5-4C61-9F81-8F62162C0AF1}.Live|Any CPU.ActiveCfg = Live|Any CPU
		{03D86D29-ABA5-4C61-9F81-8F62162C0AF1}.Live|Any CPU.Build.0 = Live|Any CPU
		{03D86D29-ABA5-4C61-9F81-8F62162C0AF1}.Release|Any CPU.ActiveCfg = Release|Any CPU
		{03D86D29-ABA5-4C61-9F81-8F62162C0AF1}.Release|Any CPU.Build.0 = Release|Any CPU
		{03D86D29-ABA5-4C61-9F81-8F62162C0AF1}.Uat|Any CPU.ActiveCfg = Uat|Any CPU
		{03D86D29-ABA5-4C61-9F81-8F62162C0AF1}.Uat|Any CPU.Build.0 = Uat|Any CPU
		{CA1D3999-F146-4FCF-8302-63AA4D5D9D3D}.Debug|Any CPU.ActiveCfg = Debug|Any CPU
		{CA1D3999-F146-4FCF-8302-63AA4D5D9D3D}.Debug|Any CPU.Build.0 = Debug|Any CPU
		{CA1D3999-F146-4FCF-8302-63AA4D5D9D3D}.Live|Any CPU.ActiveCfg = Live|Any CPU
		{CA1D3999-F146-4FCF-8302-63AA4D5D9D3D}.Live|Any CPU.Build.0 = Live|Any CPU
		{CA1D3999-F146-4FCF-8302-63AA4D5D9D3D}.Release|Any CPU.ActiveCfg = Release|Any CPU
		{CA1D3999-F146-4FCF-8302-63AA4D5D9D3D}.Release|Any CPU.Build.0 = Release|Any CPU
		{CA1D3999-F146-4FCF-8302-63AA4D5D9D3D}.Uat|Any CPU.ActiveCfg = Uat|Any CPU
		{CA1D3999-F146-4FCF-8302-63AA4D5D9D3D}.Uat|Any CPU.Build.0 = Uat|Any CPU
		{7C51650E-B634-4A56-B005-8C1D3F842AE0}.Debug|Any CPU.ActiveCfg = Debug|Any CPU
		{7C51650E-B634-4A56-B005-8C1D3F842AE0}.Debug|Any CPU.Build.0 = Debug|Any CPU
		{7C51650E-B634-4A56-B005-8C1D3F842AE0}.Live|Any CPU.ActiveCfg = Live|Any CPU
		{7C51650E-B634-4A56-B005-8C1D3F842AE0}.Live|Any CPU.Build.0 = Live|Any CPU
		{7C51650E-B634-4A56-B005-8C1D3F842AE0}.Release|Any CPU.ActiveCfg = Release|Any CPU
		{7C51650E-B634-4A56-B005-8C1D3F842AE0}.Release|Any CPU.Build.0 = Release|Any CPU
		{7C51650E-B634-4A56-B005-8C1D3F842AE0}.Uat|Any CPU.ActiveCfg = Uat|Any CPU
		{7C51650E-B634-4A56-B005-8C1D3F842AE0}.Uat|Any CPU.Build.0 = Uat|Any CPU
	EndGlobalSection
	GlobalSection(SolutionProperties) = preSolution
		HideSolutionNode = FALSE
	EndGlobalSection
	GlobalSection(ExtensibilityGlobals) = postSolution
		SolutionGuid = {67D4B58B-F43B-4E2D-A6AD-1EB3BAFC78AD}
	EndGlobalSection
EndGlobal
